
Microsoft Visual Studio Solution File, Format Version 12.00
# Visual Studio 15
VisualStudioVersion = 15.0.28010.2050
MinimumVisualStudioVersion = 10.0.40219.1
Project("{00D1A9C2-B5F0-4AF3-8072-F6C62B433612}") = "ETL-Generation", "ETL-Generation\ETL-Generation.sqlproj", "{36CFCD93-A4E3-4488-9983-484119775BD2}"
EndProject
Global
	GlobalSection(SolutionConfigurationPlatforms) = preSolution
		Debug|Any CPU = Debug|Any CPU
		Release|Any CPU = Release|Any CPU
	EndGlobalSection
	GlobalSection(ProjectConfigurationPlatforms) = postSolution
		{36CFCD93-A4E3-4488-9983-484119775BD2}.Debug|Any CPU.ActiveCfg = Debug|Any CPU
		{36CFCD93-A4E3-4488-9983-484119775BD2}.Debug|Any CPU.Build.0 = Debug|Any CPU
		{36CFCD93-A4E3-4488-9983-484119775BD2}.Debug|Any CPU.Deploy.0 = Debug|Any CPU
		{36CFCD93-A4E3-4488-9983-484119775BD2}.Release|Any CPU.ActiveCfg = Release|Any CPU
		{36CFCD93-A4E3-4488-9983-484119775BD2}.Release|Any CPU.Build.0 = Release|Any CPU
		{36CFCD93-A4E3-4488-9983-484119775BD2}.Release|Any CPU.Deploy.0 = Release|Any CPU
	EndGlobalSection
	GlobalSection(SolutionProperties) = preSolution
		HideSolutionNode = FALSE
	EndGlobalSection
	GlobalSection(ExtensibilityGlobals) = postSolution
		SolutionGuid = {68C1355D-076B-437A-ADC2-1F2E022262DE}
	EndGlobalSection
EndGlobal
